
Microsoft Visual Studio Solution File, Format Version 12.00
# Visual Studio 15
VisualStudioVersion = 15.0.26730.3
MinimumVisualStudioVersion = 10.0.40219.1
Project("{FAE04EC0-301F-11D3-BF4B-00C04F79EFBC}") = "osuDirectMirror", "osuDirectMirror.csproj", "{8F12C1CA-F2AC-46FF-8964-9D8EF51DD6D7}"
EndProject
Global
	GlobalSection(SolutionConfigurationPlatforms) = preSolution
		Debug|Any CPU = Debug|Any CPU
		Release|Any CPU = Release|Any CPU
	EndGlobalSection
	GlobalSection(ProjectConfigurationPlatforms) = postSolution
		{8F12C1CA-F2AC-46FF-8964-9D8EF51DD6D7}.Debug|Any CPU.ActiveCfg = Debug|Any CPU
		{8F12C1CA-F2AC-46FF-8964-9D8EF51DD6D7}.Debug|Any CPU.Build.0 = Debug|Any CPU
		{8F12C1CA-F2AC-46FF-8964-9D8EF51DD6D7}.Release|Any CPU.ActiveCfg = Release|Any CPU
		{8F12C1CA-F2AC-46FF-8964-9D8EF51DD6D7}.Release|Any CPU.Build.0 = Release|Any CPU
	EndGlobalSection
	GlobalSection(SolutionProperties) = preSolution
		HideSolutionNode = FALSE
	EndGlobalSection
	GlobalSection(ExtensibilityGlobals) = postSolution
		SolutionGuid = {7905619D-AC44-494C-AC4D-C34BB856A35A}
	EndGlobalSection
EndGlobal
